{
  "requires": true,
  "lockfileVersion": 1,
  "dependencies": {
    "swagger-bootstrap-ui": {
      "version": "1.0.0",
      "resolved": "https://registry.npmjs.org/swagger-bootstrap-ui/-/swagger-bootstrap-ui-1.0.0.tgz",
      "integrity": "sha512-o17qTmXvVbE1U768SLkChprx0URwz/SXKu4wtNo52T1+Yp4EstiUAzkseczYrWoHA2AgEsDKIwoAyJxnMtreSQ=="
    }
  }
}
